{
  "version": 4,
  "terraform_version": "1.14.4",
  "serial": 2,
  "lineage": "c2960769-6d6d-a3ab-0815-df6e29455e19",
  "outputs": {
    "helm_release_status": {
      "value": "deployed",
      "type": "string"
    },
    "helm_release_version": {
      "value": "0.1.0",
      "type": "string"
    },
    "namespace": {
      "value": "terraflow-app",
      "type": "string"
    }
  },
  "resources": [
    {
      "mode": "managed",
      "type": "helm_release",
      "name": "terraflow_app",
      "provider": "provider[\"registry.terraform.io/hashicorp/helm\"]",
      "instances": [
        {
          "schema_version": 1,
          "attributes": {
            "atomic": false,
            "chart": "terraflow-app",
            "cleanup_on_fail": false,
            "create_namespace": false,
            "dependency_update": false,
            "description": "Install complete",
            "devel": null,
            "disable_crd_hooks": false,
            "disable_openapi_validation": false,
            "disable_webhooks": false,
            "force_update": false,
            "id": "terraflow",
            "keyring": null,
            "lint": false,
            "manifest": null,
            "max_history": 0,
            "metadata": [
              {
                "app_version": "1.0.0",
                "chart": "terraflow-app",
                "first_deployed": 1770009331,
                "last_deployed": 1770009331,
                "name": "terraflow",
                "namespace": "terraflow-app",
                "notes": "",
                "revision": 1,
                "values": "{}",
                "version": "0.1.0"
              }
            ],
            "name": "terraflow",
            "namespace": "terraflow-app",
            "pass_credentials": false,
            "postrender": [],
            "recreate_pods": false,
            "render_subchart_notes": true,
            "replace": false,
            "repository": null,
            "repository_ca_file": null,
            "repository_cert_file": null,
            "repository_key_file": null,
            "repository_password": null,
            "repository_username": null,
            "reset_values": false,
            "reuse_values": false,
            "set": [],
            "set_list": [],
            "set_sensitive": [],
            "skip_crds": false,
            "status": "deployed",
            "timeout": 300,
            "upgrade_install": null,
            "values": null,
            "verify": false,
            "version": "0.1.0",
            "wait": true,
            "wait_for_jobs": false
          },
          "sensitive_attributes": [
            [
              {
                "type": "get_attr",
                "value": "repository_password"
              }
            ]
          ],
          "identity_schema_version": 0,
          "private": "eyJzY2hlbWFfdmVyc2lvbiI6IjEifQ=="
        }
      ]
    }
  ],
  "check_results": null
}
